
Microsoft Visual Studio Solution File, Format Version 12.00
# Visual Studio Version 16
VisualStudioVersion = 16.0.30204.135
MinimumVisualStudioVersion = 10.0.40219.1
Project("{FAE04EC0-301F-11D3-BF4B-00C04F79EFBC}") = "Web12", "Web12\Web12.csproj", "{72CCB049-78EC-45CF-B072-6D4BA44A002B}"
EndProject
Global
	GlobalSection(SolutionConfigurationPlatforms) = preSolution
		Debug|Any CPU = Debug|Any CPU
		Release|Any CPU = Release|Any CPU
	EndGlobalSection
	GlobalSection(ProjectConfigurationPlatforms) = postSolution
		{72CCB049-78EC-45CF-B072-6D4BA44A002B}.Debug|Any CPU.ActiveCfg = Debug|Any CPU
		{72CCB049-78EC-45CF-B072-6D4BA44A002B}.Debug|Any CPU.Build.0 = Debug|Any CPU
		{72CCB049-78EC-45CF-B072-6D4BA44A002B}.Release|Any CPU.ActiveCfg = Release|Any CPU
		{72CCB049-78EC-45CF-B072-6D4BA44A002B}.Release|Any CPU.Build.0 = Release|Any CPU
	EndGlobalSection
	GlobalSection(SolutionProperties) = preSolution
		HideSolutionNode = FALSE
	EndGlobalSection
	GlobalSection(ExtensibilityGlobals) = postSolution
		SolutionGuid = {B735CF46-1D36-42B8-AE01-AF5F4DC0B145}
	EndGlobalSection
EndGlobal
